
Microsoft Visual Studio Solution File, Format Version 12.00
# Visual Studio Version 17
VisualStudioVersion = 17.5.002.0
MinimumVisualStudioVersion = 10.0.40219.1
Project("{9A19103F-16F7-4668-BE54-9A1E7A4F7556}") = "api", "api\api.csproj", "{E77DEBEE-A9FF-42FB-B650-BA2FF395EFB0}"
EndProject
Global
	GlobalSection(SolutionConfigurationPlatforms) = preSolution
		Debug|Any CPU = Debug|Any CPU
		Release|Any CPU = Release|Any CPU
	EndGlobalSection
	GlobalSection(ProjectConfigurationPlatforms) = postSolution
		{E77DEBEE-A9FF-42FB-B650-BA2FF395EFB0}.Debug|Any CPU.ActiveCfg = Debug|Any CPU
		{E77DEBEE-A9FF-42FB-B650-BA2FF395EFB0}.Debug|Any CPU.Build.0 = Debug|Any CPU
		{E77DEBEE-A9FF-42FB-B650-BA2FF395EFB0}.Release|Any CPU.ActiveCfg = Release|Any CPU
		{E77DEBEE-A9FF-42FB-B650-BA2FF395EFB0}.Release|Any CPU.Build.0 = Release|Any CPU
	EndGlobalSection
	GlobalSection(SolutionProperties) = preSolution
		HideSolutionNode = FALSE
	EndGlobalSection
	GlobalSection(ExtensibilityGlobals) = postSolution
		SolutionGuid = {B2307453-C918-4DB7-B667-21C2726FD8AA}
	EndGlobalSection
EndGlobal
